{
  "name": "odb-to-json",
  "version": "1.0.0",
  "lockfileVersion": 1,
  "requires": true,
  "dependencies": {
    "@flatten-js/core": {
      "version": "1.2.10",
      "resolved": "https://registry.npmjs.org/@flatten-js/core/-/core-1.2.10.tgz",
      "integrity": "sha512-EFZe0L/IIMAXB172OXfSlPo+uakiLgvggMUb9pngvge9DN1mDsOYoGYd8UXGqYmy2RtnM6mdcFtAyNQzQ2K3+A==",
      "requires": {
        "@flatten-js/interval-tree": "^1.0.11"
      }
    },
    "@flatten-js/interval-tree": {
      "version": "1.0.11",
      "resolved": "https://registry.npmjs.org/@flatten-js/interval-tree/-/interval-tree-1.0.11.tgz",
      "integrity": "sha512-gp9mS5d7QTcjE9mTG3hoiC82q1MjqX+nrAlKODkj45YXWMhR/j/OHStTVw9qRTUEiq6mzspE8iFi3JTAg8s7Pw=="
    },
    "directory-tree": {
      "version": "2.2.4",
      "resolved": "https://registry.npmjs.org/directory-tree/-/directory-tree-2.2.4.tgz",
      "integrity": "sha512-2N43msQptKbi3WMfIs+U09yi6bfyKL+MWyj5VMj8t1F/Tx04bt1cn/EEIU3o1JBltlJk7NQnzOEuTNa/KQvbWA=="
    }
  }
}
